
Microsoft Visual Studio Solution File, Format Version 12.00
# Visual Studio Version 17
VisualStudioVersion = 17.9.34728.123
MinimumVisualStudioVersion = 10.0.40219.1
Project("{FAE04EC0-301F-11D3-BF4B-00C04F79EFBC}") = "Shengals_Roman_PR_33_zd_1", "Shengals_Roman_PR_33_zd_1.csproj", "{0AC6D3B4-8573-4581-B0C4-E63714A51A93}"
EndProject
Global
	GlobalSection(SolutionConfigurationPlatforms) = preSolution
		Debug|Any CPU = Debug|Any CPU
		Release|Any CPU = Release|Any CPU
	EndGlobalSection
	GlobalSection(ProjectConfigurationPlatforms) = postSolution
		{0AC6D3B4-8573-4581-B0C4-E63714A51A93}.Debug|Any CPU.ActiveCfg = Debug|Any CPU
		{0AC6D3B4-8573-4581-B0C4-E63714A51A93}.Debug|Any CPU.Build.0 = Debug|Any CPU
		{0AC6D3B4-8573-4581-B0C4-E63714A51A93}.Release|Any CPU.ActiveCfg = Release|Any CPU
		{0AC6D3B4-8573-4581-B0C4-E63714A51A93}.Release|Any CPU.Build.0 = Release|Any CPU
	EndGlobalSection
	GlobalSection(SolutionProperties) = preSolution
		HideSolutionNode = FALSE
	EndGlobalSection
	GlobalSection(ExtensibilityGlobals) = postSolution
		SolutionGuid = {22A03AD3-F616-40BE-A9E6-03C9656AFD47}
	EndGlobalSection
EndGlobal
