
Microsoft Visual Studio Solution File, Format Version 12.00
# Visual Studio Version 17
VisualStudioVersion = 17.9.34728.123
MinimumVisualStudioVersion = 10.0.40219.1
Project("{FAE04EC0-301F-11D3-BF4B-00C04F79EFBC}") = "Shengals_Roman_PR_33_zd_4", "Shengals_Roman_PR_33_zd_4.csproj", "{BB1438E1-F0DB-4F28-BAE0-6AB0AA273E91}"
EndProject
Global
	GlobalSection(SolutionConfigurationPlatforms) = preSolution
		Debug|Any CPU = Debug|Any CPU
		Release|Any CPU = Release|Any CPU
	EndGlobalSection
	GlobalSection(ProjectConfigurationPlatforms) = postSolution
		{BB1438E1-F0DB-4F28-BAE0-6AB0AA273E91}.Debug|Any CPU.ActiveCfg = Debug|Any CPU
		{BB1438E1-F0DB-4F28-BAE0-6AB0AA273E91}.Debug|Any CPU.Build.0 = Debug|Any CPU
		{BB1438E1-F0DB-4F28-BAE0-6AB0AA273E91}.Release|Any CPU.ActiveCfg = Release|Any CPU
		{BB1438E1-F0DB-4F28-BAE0-6AB0AA273E91}.Release|Any CPU.Build.0 = Release|Any CPU
	EndGlobalSection
	GlobalSection(SolutionProperties) = preSolution
		HideSolutionNode = FALSE
	EndGlobalSection
	GlobalSection(ExtensibilityGlobals) = postSolution
		SolutionGuid = {0141E749-43DF-4CFF-A15C-6FC3139421FC}
	EndGlobalSection
EndGlobal
